
Microsoft Visual Studio Solution File, Format Version 12.00
# Visual Studio Version 17
VisualStudioVersion = 17.7.34221.43
MinimumVisualStudioVersion = 10.0.40219.1
Project("{8BC9CEB8-8B4A-11D0-8D11-00A0C91BC942}") = "两串的最长相同前后缀", "两串的最长相同前后缀\两串的最长相同前后缀.vcxproj", "{4745C1D8-BA95-4601-BBB2-FDF88C9887FB}"
EndProject
Global
	GlobalSection(SolutionConfigurationPlatforms) = preSolution
		Debug|x64 = Debug|x64
		Debug|x86 = Debug|x86
		Release|x64 = Release|x64
		Release|x86 = Release|x86
	EndGlobalSection
	GlobalSection(ProjectConfigurationPlatforms) = postSolution
		{4745C1D8-BA95-4601-BBB2-FDF88C9887FB}.Debug|x64.ActiveCfg = Debug|x64
		{4745C1D8-BA95-4601-BBB2-FDF88C9887FB}.Debug|x64.Build.0 = Debug|x64
		{4745C1D8-BA95-4601-BBB2-FDF88C9887FB}.Debug|x86.ActiveCfg = Debug|Win32
		{4745C1D8-BA95-4601-BBB2-FDF88C9887FB}.Debug|x86.Build.0 = Debug|Win32
		{4745C1D8-BA95-4601-BBB2-FDF88C9887FB}.Release|x64.ActiveCfg = Release|x64
		{4745C1D8-BA95-4601-BBB2-FDF88C9887FB}.Release|x64.Build.0 = Release|x64
		{4745C1D8-BA95-4601-BBB2-FDF88C9887FB}.Release|x86.ActiveCfg = Release|Win32
		{4745C1D8-BA95-4601-BBB2-FDF88C9887FB}.Release|x86.Build.0 = Release|Win32
	EndGlobalSection
	GlobalSection(SolutionProperties) = preSolution
		HideSolutionNode = FALSE
	EndGlobalSection
	GlobalSection(ExtensibilityGlobals) = postSolution
		SolutionGuid = {A59A606F-C2D3-4A4A-B1E8-B0A227E6EDF9}
	EndGlobalSection
EndGlobal
